{
  "lockfileVersion": 1,
  "configVersion": 1,
  "workspaces": {
    "": {
      "name": "heliosapp",
      "dependencies": {
        "@xterm/addon-fit": "^0.10.0",
        "@xterm/addon-web-links": "^0.11.0",
        "@xterm/xterm": "^5.5.0",
        "solid-js": "^1.9.11"
      },
      "devDependencies": {
        "@playwright/test": "1.58.2",
        "@types/node": "25.5.0",
        "bun-types": "1.3.11",
        "esbuild": "^0.27.3",
        "esbuild-plugin-solid": "^0.6.0",
        "happy-dom": "20.8.7",
        "oxlint": "latest",
        "typescript": "5.8.2",
        "vitepress": "1.6.4",
        "vitest": "4.1.1"
      }
    },
    "apps/desktop": {
      "name": "@helios/desktop",
      "version": "0.0.1",
      "dependencies": {
        "@helios/runtime": "workspace:*"
      },
      "devDependencies": {
        "bun-types": "latest"
      }
    },
    "apps/runtime": {
      "name": "@helios/runtime",
      "version": "0.0.1",
      "devDependencies": {
        "bun-types": "latest"
      }
    }
  },
  "packages": {
    "@algolia/abtesting": ["@algolia/abtesting@1.15.2", "", { "dependencies": { "@algolia/client-common": "5.49.2", "@algolia/requester-browser-xhr": "5.49.2", "@algolia/requester-fetch": "5.49.2", "@algolia/requester-node-http": "5.49.2" } }, "sha512-rF7vRVE61E0QORw8e2NNdnttcl3jmFMWS9B4hhdga12COe+lMa26bQLfcBn/Nbp9/AF/8gXdaRCPsVns3CnjsA=="],
    "@algolia/autocomplete-core": ["@algolia/autocomplete-core@1.17.7", "", { "dependencies": { "@algolia/autocomplete-plugin-algolia-insights": "1.17.7", "@algolia/autocomplete-shared": "1.17.7" } }, "sha512-BjiPOW6ks90UKl7TwMv7oNQMnzU+t/wk9mgIDi6b1tXpUek7MW0lbNOUHpvam9pe3lVCf4xPFT+lK7s+e+fs7Q=="],
    "@algolia/autocomplete-plugin-algolia-insights": ["@algolia/autocomplete-plugin-algolia-insights@1.17.7", "", { "dependencies": { "@algolia/autocomplete-shared": "1.17.7" }, "peerDependencies": { "search-insights": ">= 1 < 3" } }, "sha512-Jca5Ude6yUOuyzjnz57og7Et3aXjbwCSDf/8onLHSQgw1qW3ALl9mrMWaXb5FmPVkV3EtkD2F/+NkT6VHyPu9A=="],
    "@algolia/autocomplete-preset-algolia": ["@algolia/autocomplete-preset-algolia@1.17.7", "", { "dependencies": { "@algolia/autocomplete-shared": "1.17.7" }, "peerDependencies": { "@algolia/client-search": ">= 4.9.1 < 6", "algoliasearch": ">= 4.9.1 < 6" } }, "sha512-ggOQ950+nwbWROq2MOCIL71RE0DdQZsceqrg32UqnhDz8FlO9rL8ONHNsI2R1MH0tkgVIDKI/D0sMiUchsFdWA=="],
    "@algolia/autocomplete-shared": ["@algolia/autocomplete-shared@1.17.7", "", { "peerDependencies": { "@algolia/client-search": ">= 4.9.1 < 6", "algoliasearch": ">= 4.9.1 < 6" } }, "sha512-o/1Vurr42U/qskRSuhBH+VKxMvkkUVTLU6WZQr+L5lGZZLYWyhdzWjW0iGXY7EkwRTjBqvN2EsR81yCTGV/kmg=="],
    "@algolia/client-abtesting": ["@algolia/client-abtesting@5.49.2", "", { "dependencies": { "@algolia/client-common": "5.49.2", "@algolia/requester-browser-xhr": "5.49.2", "@algolia/requester-fetch": "5.49.2", "@algolia/requester-node-http": "5.49.2" } }, "sha512-XyvKCm0RRmovMI/ChaAVjTwpZhXdbgt3iZofK914HeEHLqD1MUFFVLz7M0+Ou7F56UkHXwRbpHwb9xBDNopprQ=="],
    "@algolia/client-analytics": ["@algolia/client-analytics@5.49.2", "", { "dependencies": { "@algolia/client-common": "5.49.2", "@algolia/requester-browser-xhr": "5.49.2", "@algolia/requester-fetch": "5.49.2", "@algolia/requester-node-http": "5.49.2" } }, "sha512-jq/3qvtmj3NijZlhq7A1B0Cl41GfaBpjJxcwukGsYds6aMSCWrEAJ9pUqw/C9B3hAmILYKl7Ljz3N9SFvekD3Q=="],
    "@algolia/client-common": ["@algolia/client-common@5.49.2", "", {}, "sha512-bn0biLequn3epobCfjUqCxlIlurLr4RHu7RaE4trgN+RDcUq6HCVC3/yqq1hwbNYpVtulnTOJzcaxYlSr1fnuw=="],
    "@algolia/client-insights": ["@algolia/client-insights@5.49.2", "", { "dependencies": { "@algolia/client-common": "5.49.2", "@algolia/requester-browser-xhr": "5.49.2", "@algolia/requester-fetch": "5.49.2", "@algolia/requester-node-http": "5.49.2" } }, "sha512-z14wfFs1T3eeYbCArC8pvntAWsPo9f6hnUGoj8IoRUJTwgJiiySECkm8bmmV47/x0oGHfsVn3kBdjMX0yq0sNA=="],
    "@algolia/client-personalization": ["@algolia/client-personalization@5.49.2", "", { "dependencies": { "@algolia/client-common": "5.49.2", "@algolia/requester-browser-xhr": "5.49.2", "@algolia/requester-fetch": "5.49.2", "@algolia/requester-node-http": "5.49.2" } }, "sha512-GpRf7yuuAX93+Qt0JGEJZwgtL0MFdjFO9n7dn8s2pA9mTjzl0Sc5+uTk1VPbIAuf7xhCP9Mve+URGb6J+EYxgA=="],
    "@algolia/client-query-suggestions": ["@algolia/client-query-suggestions@5.49.2", "", { "dependencies": { "@algolia/client-common": "5.49.2", "@algolia/requester-browser-xhr": "5.49.2", "@algolia/requester-fetch": "5.49.2", "@algolia/requester-node-http": "5.49.2" } }, "sha512-HZwApmNkp0DiAjZcLYdQLddcG4Agb88OkojiAHGgcm5DVXobT5uSZ9lmyrbw/tmQBJwgu2CNw4zTyXoIB7YbPA=="],
    "@algolia/ingestion": ["@algolia/ingestion@1.49.2", "", { "dependencies": { "@algolia/client-common": "5.49.2", "@algolia/requester-browser-xhr": "5.49.2", "@algolia/requester-fetch": "5.49.2", "@algolia/requester-node-http": "5.49.2" } }, "sha512-YYJRjaZ2bqk923HxE4um7j/Cm3/xoSkF2HC2ZweOF8cXL3sqnlndSUYmCaxHFjNPWLaSHk2IfssX6J/tdKTULw=="],
    "@algolia/monitoring": ["@algolia/monitoring@1.49.2", "", { "dependencies": { "@algolia/client-common": "5.49.2", "@algolia/requester-browser-xhr": "5.49.2", "@algolia/requester-fetch": "5.49.2", "@algolia/requester-node-http": "5.49.2" } }, "sha512-9WgH+Dha39EQQyGKCHlGYnxW/7W19DIrEbCEbnzwAMpGAv1yTWCHMPXHxYa+LcL3eCp2V/5idD1zHNlIKmHRHg=="],
    "@algolia/recommend": ["@algolia/recommend@5.49.2", "", { "dependencies": { "@algolia/client-common": "5.49.2", "@algolia/requester-browser-xhr": "5.49.2", "@algolia/requester-fetch": "5.49.2", "@algolia/requester-node-http": "5.49.2" } }, "sha512-K7Gp5u+JtVYgaVpBxF5rGiM+Ia8SsMdcAJMTDV93rwh00DKNllC19o1g+PwrDjDvyXNrnTEbofzbTs2GLfFyKA=="],
    "@algolia/requester-browser-xhr": ["@algolia/requester-browser-xhr@5.49.2", "", { "dependencies": { "@algolia/client-common": "5.49.2" } }, "sha512-3UhYCcWX6fbtN8ABcxZlhaQEwXFh3CsFtARyyadQShHMPe3mJV9Wel4FpJTa+seugRkbezFz0tt6aPTZSYTBuA=="],
    "@algolia/requester-fetch": ["@algolia/requester-fetch@5.49.2", "", { "dependencies": { "@algolia/client-common": "5.49.2" } }, "sha512-G94VKSGbsr+WjsDDOBe5QDQ82QYgxvpxRGJfCHZBnYKYsy/jv9qGIDb93biza+LJWizQBUtDj7bZzp3QZyzhPQ=="],
    "@algolia/requester-node-http": ["@algolia/requester-node-http@5.49.2", "", { "dependencies": { "@algolia/client-common": "5.49.2" } }, "sha512-UuihBGHafG/ENsrcTGAn5rsOffrCIRuHMOsD85fZGLEY92ate+BMTUqxz60dv5zerh8ZumN4bRm8eW2z9L11jA=="],
    "@babel/code-frame": ["@babel/code-frame@7.29.0", "", { "dependencies": { "@babel/helper-validator-identifier": "^7.28.5", "js-tokens": "^4.0.0", "picocolors": "^1.1.1" } }, "sha512-9NhCeYjq9+3uxgdtp20LSiJXJvN0FeCtNGpJxuMFZ1Kv3cWUNb6DOhJwUvcVCzKGR66cw4njwM6hrJLqgOwbcw=="],
    "@babel/compat-data": ["@babel/compat-data@7.29.0", "", {}, "sha512-T1NCJqT/j9+cn8fvkt7jtwbLBfLC/1y1c7NtCeXFRgzGTsafi68MRv8yzkYSapBnFA6L3U2VSc02ciDzoAJhJg=="],
    "@babel/core": ["@babel/core@7.29.0", "", { "dependencies": { "@babel/code-frame": "^7.29.0", "@babel/generator": "^7.29.0", "@babel/helper-compilation-targets": "^7.28.6", "@babel/helper-module-transforms": "^7.28.6", "@babel/helpers": "^7.28.6", "@babel/parser": "^7.29.0", "@babel/template": "^7.28.6", "@babel/traverse": "^7.29.0", "@babel/types": "^7.29.0", "@jridgewell/remapping": "^2.3.5", "convert-source-map": "^2.0.0", "debug": "^4.1.0", "gensync": "^1.0.0-beta.2", "json5": "^2.2.3", "semver": "^6.3.1" } }, "sha512-CGOfOJqWjg2qW/Mb6zNsDm+u5vFQ8DxXfbM09z69p5Z6+mE1ikP2jUXw+j42Pf1XTYED2Rni5f95npYeuwMDQA=="],
  }
}
